<?xml version="1.0" encoding="utf-8"?>
<Project ToolsVersion="4.0" xmlns="http://schemas.microsoft.com/developer/msbuild/2003">
  <ItemGroup>
    <ClCompile Include="..\SentinelUnitTests\_SentinelUnitTests.cpp" />
    <ClCompile Include="..\SentinelUnitTests\Config\CardConfigUnitTests.cpp" />
    <ClCompile Include="..\SentinelUnitTests\Config\ConfigBalanceRetrievalTextFieldUnitTests.cpp" />
    <ClCompile Include="..\SentinelUnitTests\Config\ConfigDailyPointsDisplaySuffixFieldUnitTests.cpp" />
    <ClCompile Include="..\SentinelUnitTests\Config\ConfigExtensibleSystemSettingsFieldUnitTests.cpp" />
    <ClCompile Include="..\SentinelUnitTests\Config\ConfigMGMDFieldUnitTests.cpp" />
    <ClCompile Include="..\SentinelUnitTests\Config\ConfigPBTFieldUnitTests.cpp" />
    <ClCompile Include="..\SentinelUnitTests\Config\ConfigPlayerPrefixFieldUnitTests.cpp" />
    <ClCompile Include="..\SentinelUnitTests\Config\ConfigPlayerTrackingFieldUnitTests.cpp" />
    <ClCompile Include="..\SentinelUnitTests\Config\ConfigPointsForPromoFieldUnitTests.cpp" />
    <ClCompile Include="..\SentinelUnitTests\Config\ConfigPointsOrCashLabelFieldUnitTests.cpp" />
    <ClCompile Include="..\SentinelUnitTests\Config\ConfigPointsPerDollarFieldUnitTests.cpp" />
    <ClCompile Include="..\SentinelUnitTests\Config\ConfigSenOption1FieldUnitTests.cpp" />
    <ClCompile Include="..\SentinelUnitTests\Config\ConfigSenOption2FieldUnitTests.cpp" />
    <ClCompile Include="..\SentinelUnitTests\Config\ConfigSessionPointsTextFieldUnitTests.cpp" />
    <ClCompile Include="..\SentinelUnitTests\Config\ConfigShowPointsVsAccountBalanceFieldUnitTests.cpp" />
    <ClCompile Include="..\SentinelUnitTests\Config\ConfigSlotMastRevisionFieldUnitTests.cpp" />
    <ClCompile Include="..\SentinelUnitTests\Config\ConfigSlotNumberFieldUnitTests.cpp" />
    <ClCompile Include="..\SentinelUnitTests\Config\ConfigTickingFieldUnitTests.cpp" />
    <ClCompile Include="..\SentinelUnitTests\Config\ConfigTierPointsLabelFieldUnitTests.cpp" />
    <ClCompile Include="..\SentinelUnitTests\Config\ConfigTimeZoneFieldUnitTests.cpp" />
    <ClCompile Include="..\SentinelUnitTests\Config\ConfigUnitTests.cpp" />
    <ClCompile Include="..\SentinelUnitTests\Config\ConfigUnitTests0.cpp" />
    <ClCompile Include="..\SentinelUnitTests\Config\ConfigUnitTestsA.cpp" />
    <ClCompile Include="..\SentinelUnitTests\Config\ConfigUniverseCardPrefixFieldUnitTests.cpp" />
    <ClCompile Include="..\SentinelUnitTests\Config\ConfigUniverseEnabledFieldUnitTests.cpp" />
    <ClCompile Include="..\SentinelUnitTests\Config\ConfigUniversePropCodesFieldUnitTests.cpp" />
    <ClCompile Include="..\SentinelUnitTests\Config\ConfigUpdateMMTFieldUnitTests.cpp" />
    <ClCompile Include="..\SentinelUnitTests\Config\ConfigVirtualSessionFieldUnitTests.cpp" />
    <ClCompile Include="..\SentinelUnitTests\Config\EGMConfigUnitTests.cpp" />
    <ClCompile Include="..\SentinelUnitTests\ContentDeliverySystem\ThirdPartyMessageUnitTests.cpp" />
    <ClCompile Include="..\SentinelUnitTests\FloorProtocol\FloorConnectionConfigFileUnitTests.cpp" />
    <ClCompile Include="..\SentinelUnitTests\FloorProtocol\FloorConnectionConfigUnitTests.cpp" />
    <ClCompile Include="..\SentinelUnitTests\FloorProtocol\FloorConnectionHostEntryUnitTests.cpp" />
    <ClCompile Include="..\SentinelUnitTests\FloorProtocol\FloorConnectionHostManagerUnitTests.cpp" />
    <ClCompile Include="..\SentinelUnitTests\FloorProtocol\FloorConnectionInfoUnitTests.cpp" />
    <ClCompile Include="..\SentinelUnitTests\FloorProtocol\FloorMessageFactoryUnitTests.cpp" />
    <ClCompile Include="..\SentinelUnitTests\FloorProtocol\FloorMessageParsingUnitTests.cpp" />
    <ClCompile Include="..\SentinelUnitTests\FloorProtocol\FloorProtocolUnitTests.cpp" />
    <ClCompile Include="..\SentinelUnitTests\FloorProtocol\MobilePBTSessionInfoUnitTests.cpp" />
    <ClCompile Include="..\SentinelUnitTests\FloorProtocol\PairingInformationUnitTests.cpp" />
    <ClCompile Include="..\SentinelUnitTests\Hardware\BadReadCountUnitTests.cpp" />
    <ClCompile Include="..\SentinelUnitTests\Hardware\CardReaderConfigTests.cpp" />
    <ClCompile Include="..\SentinelUnitTests\Hardware\CardReaderTestHelpers.cpp" />
    <ClCompile Include="..\SentinelUnitTests\Hardware\CardReaderTests.cpp" />
    <ClCompile Include="..\SentinelUnitTests\Hardware\MCRAutoTestUnitTests.cpp" />
    <ClCompile Include="..\SentinelUnitTests\Hardware\MCRWrapperUnitTests1.cpp" />
    <ClCompile Include="..\SentinelUnitTests\Hardware\MemoryStorageExUnitTests.cpp" />
    <ClCompile Include="..\SentinelUnitTests\Hardware\MemoryStorageExUnitTests2.cpp" />
    <ClCompile Include="..\SentinelUnitTests\Hardware\NetworkUtilsMock.cpp" />
    <ClCompile Include="..\SentinelUnitTests\Hardware\NetworkUtilsTests.cpp" />
    <ClCompile Include="..\SentinelUnitTests\Logging\LoggerUnitTests.cpp" />
    <ClCompile Include="..\SentinelUnitTests\PollerProtocol\PollerAuthorizationMessageUnitTests.cpp" />
    <ClCompile Include="..\SentinelUnitTests\PollerProtocol\PollerAuthorizePINResponseMessageUnitTests.cpp" />
    <ClCompile Include="..\SentinelUnitTests\PollerProtocol\PollerCardlessTransactionMessageUnitTests.cpp" />
    <ClCompile Include="..\SentinelUnitTests\PollerProtocol\PollerCheckMessageUnitTests.cpp" />
    <ClCompile Include="..\SentinelUnitTests\PollerProtocol\PollerCommunicatorUnitTests.cpp" />
    <ClCompile Include="..\SentinelUnitTests\PollerProtocol\PollerConfigRequestMessageUnitTests.cpp" />
    <ClCompile Include="..\SentinelUnitTests\PollerProtocol\PollerEmployeeResponseMessageUnitTests.cpp" />
    <ClCompile Include="..\SentinelUnitTests\PollerProtocol\PollerGameListInfoUnitTests.cpp" />
    <ClCompile Include="..\SentinelUnitTests\PollerProtocol\PollerGameSessionChangeTransactionMessageUnitTests.cpp" />
    <ClCompile Include="..\SentinelUnitTests\PollerProtocol\PollerGamesListMessageUnitTests.cpp" />
    <ClCompile Include="..\SentinelUnitTests\PollerProtocol\PollerMessageTests.cpp" />
    <ClCompile Include="..\SentinelUnitTests\PollerProtocol\PollerMetersMessageUnitTests.cpp" />
    <ClCompile Include="..\SentinelUnitTests\PollerProtocol\PollerMGMDDataUnitTest.cpp" />
    <ClCompile Include="..\SentinelUnitTests\PollerProtocol\PollerPBPinResetResponseMessageUnitTests.cpp" />
    <ClCompile Include="..\SentinelUnitTests\PollerProtocol\PollerPBResetPinTransactionMessageUnitTests.cpp" />
    <ClCompile Include="..\SentinelUnitTests\PollerProtocol\PollerPersonalBankerResponseMessageUnitTests.cpp" />
    <ClCompile Include="..\SentinelUnitTests\PollerProtocol\PollerPlayerResponseMessageUnitTests.cpp" />
    <ClCompile Include="..\SentinelUnitTests\PollerProtocol\PollerPlayerTransactionMessageUnitTests.cpp" />
    <ClCompile Include="..\SentinelUnitTests\PollerProtocol\PollerProtocolMock.cpp" />
    <ClCompile Include="..\SentinelUnitTests\PollerProtocol\PollerProtocolUnitTests.cpp" />
    <ClCompile Include="..\SentinelUnitTests\PollerProtocol\PollerSubgameSelectionResponseMessageUnitTests.cpp" />
    <ClCompile Include="..\SentinelUnitTests\PollerProtocol\PollerSubgameSnapshotTransactionMessageUnitTests.cpp" />
    <ClCompile Include="..\SentinelUnitTests\PollerProtocol\PollerTicketTransactionMessageUnitTests.cpp" />
    <ClCompile Include="..\SentinelUnitTests\PollerProtocol\TransactionResendListUnitTests.cpp" />
    <ClCompile Include="..\SentinelUnitTests\ProcessDump\WebDiagnosticsCommonInfoUnitTests.cpp" />
    <ClCompile Include="..\SentinelUnitTests\ProcessDump\WebDiagnosticsStatusInfoUnitTests.cpp" />
    <ClCompile Include="..\SentinelUnitTests\ProcessDump\WebDiagnosticsUnitTests.cpp" />
    <ClCompile Include="..\SentinelUnitTests\ProcessDump\WebDiagnosticsUnitTests_Progressive.cpp" />
    <ClCompile Include="..\SentinelUnitTests\ProgressiveProtocol\CumulativeProgressiveManagerUnitTests.cpp" />
    <ClCompile Include="..\SentinelUnitTests\ProgressiveProtocol\EGMAwardUnitTests.cpp" />
    <ClCompile Include="..\SentinelUnitTests\ProgressiveProtocol\EnumMapTests.cpp" />
    <ClCompile Include="..\SentinelUnitTests\ProgressiveProtocol\ProgressiveBonusingAvailableTests.cpp" />
    <ClCompile Include="..\SentinelUnitTests\ProgressiveProtocol\ProgressiveConfigUnitTests.cpp" />
    <ClCompile Include="..\SentinelUnitTests\ProgressiveProtocol\ProgressiveConnectionInfoUnitTests.cpp" />
    <ClCompile Include="..\SentinelUnitTests\ProgressiveProtocol\ProgressiveCriticalTextUnitTests.cpp" />
    <ClCompile Include="..\SentinelUnitTests\ProgressiveProtocol\ProgressiveEligibleLevelInfoTests.cpp" />
    <ClCompile Include="..\SentinelUnitTests\ProgressiveProtocol\ProgressiveEligibleMinorInfoTests.cpp" />
    <ClCompile Include="..\SentinelUnitTests\ProgressiveProtocol\ProgressiveHostUnitTest.cpp" />
    <ClCompile Include="..\SentinelUnitTests\ProgressiveProtocol\ProgressiveHostUnitTests.cpp" />
    <ClCompile Include="..\SentinelUnitTests\ProgressiveProtocol\ProgressiveLevelInfoTests.cpp" />
    <ClCompile Include="..\SentinelUnitTests\ProgressiveProtocol\ProgressiveLevelManagerTests.cpp" />
    <ClCompile Include="..\SentinelUnitTests\ProgressiveProtocol\ProgressiveLevelManagerTests2.cpp" />
    <ClCompile Include="..\SentinelUnitTests\ProgressiveProtocol\ProgressiveLevelsInfoJsonTests.cpp" />
    <ClCompile Include="..\SentinelUnitTests\ProgressiveProtocol\ProgressiveLevelsInfoTests.cpp" />
    <ClCompile Include="..\SentinelUnitTests\ProgressiveProtocol\ProgressiveLevelTestHelpers.cpp" />
    <ClCompile Include="..\SentinelUnitTests\ProgressiveProtocol\ProgressiveLevelTests.cpp" />
    <ClCompile Include="..\SentinelUnitTests\ProgressiveProtocol\ProgressiveMessageFactoryUnitTests.cpp" />
    <ClCompile Include="..\SentinelUnitTests\ProgressiveProtocol\ProgressiveMulticastChannelTest.cpp" />
    <ClCompile Include="..\SentinelUnitTests\ProgressiveProtocol\ProgressiveMulticastHostTest.cpp" />
    <ClCompile Include="..\SentinelUnitTests\ProgressiveProtocol\ProgressivePatronSessionInfoTests.cpp" />
    <ClCompile Include="..\SentinelUnitTests\ProgressiveProtocol\ProgressivePlaylistTests.cpp" />
    <ClCompile Include="..\SentinelUnitTests\ProgressiveProtocol\ProgressiveProtocol_DataConsumerUnitTests.cpp" />
    <ClCompile Include="..\SentinelUnitTests\ProgressiveProtocol\ProgressiveProtocolUnitTests.cpp" />
    <ClCompile Include="..\SentinelUnitTests\ProgressiveProtocol\ProgressivePteStateTest.cpp" />
    <ClCompile Include="..\SentinelUnitTests\ProgressiveProtocol\ProgressiveQueueToOneLinkTests.cpp" />
    <ClCompile Include="..\SentinelUnitTests\ProgressiveProtocol\ProgressiveWinnerPickedTests.cpp" />
    <ClCompile Include="..\SentinelUnitTests\ProgressiveProtocol\ProgressiveWinnerPickTests.cpp" />
    <ClCompile Include="..\SentinelUnitTests\ProgressiveProtocol\PromoGameObjectsTests.cpp" />
    <ClCompile Include="..\SentinelUnitTests\SASProtocol\InternalsProcessingForGCFUnitTests.cpp" />
    <ClCompile Include="..\SentinelUnitTests\SASProtocol\LongPoll2FUnitTests.cpp" />
    <ClCompile Include="..\SentinelUnitTests\SASProtocol\LongPoll4CUnitTests.cpp" />
    <ClCompile Include="..\SentinelUnitTests\SASProtocol\LongPoll6FUnitTests.cpp" />
    <ClCompile Include="..\SentinelUnitTests\SASProtocol\LongPoll7BUnitTests.cpp" />
    <ClCompile Include="..\SentinelUnitTests\SASProtocol\LongPoll7DUnitTests.cpp" />
    <ClCompile Include="..\SentinelUnitTests\SASProtocol\LongPoll8EUnitTests.cpp" />
    <ClCompile Include="..\SentinelUnitTests\SASProtocol\LongPoll20UnitTests.cpp" />
    <ClCompile Include="..\SentinelUnitTests\SASProtocol\LongPoll54UnitTests.cpp" />
    <ClCompile Include="..\SentinelUnitTests\SASProtocol\LongPoll71UnitTests.cpp" />
    <ClCompile Include="..\SentinelUnitTests\SASProtocol\LongPoll80UnitTests.cpp" />
    <ClCompile Include="..\SentinelUnitTests\SASProtocol\LongPoll86UnitTests.cpp" />
    <ClCompile Include="..\SentinelUnitTests\SASProtocol\LongPollB0B5UnitTests.cpp" />
    <ClCompile Include="..\SentinelUnitTests\SASProtocol\LongPollB5UnitTests.cpp" />
    <ClCompile Include="..\SentinelUnitTests\SASProtocol\SASBillsUnitTests.cpp" />
    <ClCompile Include="..\SentinelUnitTests\SASProtocol\SASGameListUnitTests.cpp" />
    <ClCompile Include="..\SentinelUnitTests\SASProtocol\SASGeneralExceptionUnitTests.cpp" />
    <ClCompile Include="..\SentinelUnitTests\SASProtocol\SASInterfaceUnitTests.cpp" />
    <ClCompile Include="..\SentinelUnitTests\SASProtocol\SASMeterCollectionUnitTests.cpp" />
    <ClCompile Include="..\SentinelUnitTests\SASProtocol\SASPollMessageUnitTests.cpp" />
    <ClCompile Include="..\SentinelUnitTests\SASProtocol\SASProtocolStateUnitTests.cpp" />
    <ClCompile Include="..\SentinelUnitTests\SASProtocol\SASProtocolUnitTests.cpp" />
    <ClCompile Include="..\SentinelUnitTests\SASProtocol\SASQueueListUnitTests.cpp" />
    <ClCompile Include="..\SentinelUnitTests\State\SentinelStateUnitTests.cpp" />
    <ClCompile Include="..\SentinelUnitTests\Stomp\StompFrameTest.cpp" />
    <ClCompile Include="..\SentinelUnitTests\Stomp\StompHelperTest.cpp" />
    <ClCompile Include="..\SentinelUnitTests\Stomp\StompParserTest.cpp" />
    <ClCompile Include="..\SentinelUnitTests\UI\AutoCardoutFlashModuleParametersTests.cpp" />
    <ClCompile Include="..\SentinelUnitTests\UI\EnumValuesUnitTests.cpp" />
    <ClCompile Include="..\SentinelUnitTests\UI\InternalsProcessingForUiUnitTests.cpp" />
    <ClCompile Include="..\SentinelUnitTests\UI\LogUnitTestsUI.cpp" />
    <ClCompile Include="..\SentinelUnitTests\UI\NotificationBoxUnitTests.cpp" />
    <ClCompile Include="..\SentinelUnitTests\UI\NotificationTextConfigUnitTests.cpp" />
    <ClCompile Include="..\SentinelUnitTests\UI\ScreenInfoUnitTests.cpp" />
    <ClCompile Include="..\SentinelUnitTests\UI\SentinelDlgStateUnitTests.cpp" />
    <ClCompile Include="..\SentinelUnitTests\UI\TicketLogUnitTests.cpp" />
    <ClCompile Include="..\SentinelUnitTests\Util\ByteArrayEx.cpp" />
    <ClCompile Include="..\SentinelUnitTests\Util\DequeVectorTests.cpp" />
    <ClCompile Include="..\SentinelUnitTests\Util\PathTests.cpp" />
    <ClCompile Include="..\SentinelUnitTests\Utility\AssertMsg.cpp" />
    <ClCompile Include="..\SentinelUnitTests\Utility\AssertMsgTests.cpp" />
    <ClCompile Include="..\SentinelUnitTests\Utility\ConvertTests.cpp" />
    <ClCompile Include="..\SentinelUnitTests\Utility\CurrencyTests.cpp" />
    <ClCompile Include="..\SentinelUnitTests\Utility\FileHook.cpp" />
    <ClCompile Include="..\SentinelUnitTests\Utility\FileHookTests.cpp" />
    <ClCompile Include="..\SentinelUnitTests\Utility\TestUtil.cpp" />
    <ClCompile Include="..\SentinelUnitTests\Utility\TestUtilTests.cpp" />
    <ClCompile Include="..\SentinelUnitTests\AlertBoxUnitTests.cpp" />
    <ClCompile Include="..\SentinelUnitTests\AttractorSequenceItemUnitTests.cpp" />
    <ClCompile Include="..\SentinelUnitTests\AudioInfoUnitTests.cpp" />
    <ClCompile Include="..\SentinelUnitTests\BonusCounterDisplayMock.cpp" />
    <ClCompile Include="..\SentinelUnitTests\BonusCounterItemUnitTests.cpp" />
    <ClCompile Include="..\SentinelUnitTests\BonusCounterStateUnitTest.cpp" />
    <ClCompile Include="..\SentinelUnitTests\BonusEventUnitTests.cpp" />
    <ClCompile Include="..\SentinelUnitTests\ButtonClassUnitTests.cpp" />
    <ClCompile Include="..\SentinelUnitTests\ButtonPressUnitTests.cpp" />
    <ClCompile Include="..\SentinelUnitTests\CardInfoStateUnitTests.cpp" />
    <ClCompile Include="..\SentinelUnitTests\CardTest.cpp" />
    <ClCompile Include="..\SentinelUnitTests\CardUnitTests_RawData.cpp" />
    <ClCompile Include="..\SentinelUnitTests\CardUnitTests_Rccl.cpp" />
    <ClCompile Include="..\SentinelUnitTests\ChecksumUnitTests.cpp" />
    <ClCompile Include="..\SentinelUnitTests\ChkDskHandlerUnitTests.cpp" />
    <ClCompile Include="..\SentinelUnitTests\ConfigExtDataUnitTests.cpp" />
    <ClCompile Include="..\SentinelUnitTests\ConfigFieldUnitTests.cpp" />
    <ClCompile Include="..\SentinelUnitTests\ConfigFileReaderUnitTests.cpp" />
    <ClCompile Include="..\SentinelUnitTests\ConfigFileUnitTests.cpp" />
    <ClCompile Include="..\SentinelUnitTests\ConfigUniversalEnterpriseUnitTests.cpp" />
    <ClCompile Include="..\SentinelUnitTests\ConnectionUnitTests.cpp" />
    <ClCompile Include="..\SentinelUnitTests\CountHistoryTests.cpp" />
    <ClCompile Include="..\SentinelUnitTests\CServiceWindowDocumentParserUnitTests.cpp" />
    <ClCompile Include="..\SentinelUnitTests\CtrlInfoListUnitTests.cpp" />
    <ClCompile Include="..\SentinelUnitTests\CtrlInfoUnitTests.cpp" />
    <ClCompile Include="..\SentinelUnitTests\DiagnosticsEEPROMUnitTests.cpp" />
    <ClCompile Include="..\SentinelUnitTests\DiagnosticsNVRAMUnitTests.cpp" />
    <ClCompile Include="..\SentinelUnitTests\DiagnosticsPersistanceUnitTests.cpp" />
    <ClCompile Include="..\SentinelUnitTests\DiagnosticsUnitTests.cpp" />
    <ClCompile Include="..\SentinelUnitTests\DirectoryManagerUnitTests.cpp" />
    <ClCompile Include="..\SentinelUnitTests\DisplayManagerPlayerStateUnitTests.cpp" />
    <ClCompile Include="..\SentinelUnitTests\EepromConfigUnitTests.cpp" />
    <ClCompile Include="..\SentinelUnitTests\EmployeeUnitTests.cpp" />
    <ClCompile Include="..\SentinelUnitTests\ExcessiveVoucherOutUnitTests.cpp" />
    <ClCompile Include="..\SentinelUnitTests\FileListUnitTests.cpp" />
    <ClCompile Include="..\SentinelUnitTests\FilePackerTests.cpp" />
    <ClCompile Include="..\SentinelUnitTests\FlashFileTests.cpp" />
    <ClCompile Include="..\SentinelUnitTests\FlashModuleParametersUnitTests.cpp" />
    <ClCompile Include="..\SentinelUnitTests\FlashStatusUnitTests.cpp" />
    <ClCompile Include="..\SentinelUnitTests\GamesTest.cpp" />
    <ClCompile Include="..\SentinelUnitTests\GamesUnitTests.cpp" />
    <ClCompile Include="..\SentinelUnitTests\GameTest.cpp" />
    <ClCompile Include="..\SentinelUnitTests\InternalMessageQueueListAddItemUnitTests.cpp" />
    <ClCompile Include="..\SentinelUnitTests\InternalMessageQueueListUnitTests.cpp" />
    <ClCompile Include="..\SentinelUnitTests\InternalMessageUnitTests.cpp" />
    <ClCompile Include="..\SentinelUnitTests\InternalMsgConstructors.cpp" />
    <ClCompile Include="..\SentinelUnitTests\InternalMsgContent2UnitTests.cpp" />
    <ClCompile Include="..\SentinelUnitTests\InternalsFrameworkMock.cpp" />
    <ClCompile Include="..\SentinelUnitTests\InternalsFrameworkUnitTests.cpp" />
    <ClCompile Include="..\SentinelUnitTests\IPAddressArrayUnitTests.cpp" />
    <ClCompile Include="..\SentinelUnitTests\IPAddressUnitTests.cpp" />
    <ClCompile Include="..\SentinelUnitTests\IPItemUnitTests.cpp" />
    <ClCompile Include="..\SentinelUnitTests\JackpotUnitTests.cpp" />
    <ClCompile Include="..\SentinelUnitTests\LogsMock.cpp" />
    <ClCompile Include="..\SentinelUnitTests\LogUnitTests.cpp" />
    <ClCompile Include="..\SentinelUnitTests\MCRWrapperUnitTests_RawData.cpp" />
    <ClCompile Include="..\SentinelUnitTests\MediaWindowConfigUnitTests.cpp" />
    <ClCompile Include="..\SentinelUnitTests\MessagePriotizerUnitTests.cpp" />
    <ClCompile Include="..\SentinelUnitTests\MeterStepDownUnitTests.cpp" />
    <ClCompile Include="..\SentinelUnitTests\MetersTest.cpp" />
    <ClCompile Include="..\SentinelUnitTests\MeterTest.cpp" />
    <ClCompile Include="..\SentinelUnitTests\OptionalValTests.cpp" />
    <ClCompile Include="..\SentinelUnitTests\PackageListUnitTests.cpp" />
    <ClCompile Include="..\SentinelUnitTests\PanelInfoUnitTests.cpp" />
    <ClCompile Include="..\SentinelUnitTests\PersonalBankerAutoUploadUnitTests.cpp" />
    <ClCompile Include="..\SentinelUnitTests\PersonalBankerInfoUnitTests.cpp" />
    <ClCompile Include="..\SentinelUnitTests\PersonalBankerTransferUnitTests.cpp" />
    <ClCompile Include="..\SentinelUnitTests\PersonalBankerUnitTests.cpp" />
    <ClCompile Include="..\SentinelUnitTests\PersonalBankerUnitTests2.cpp" />
    <ClCompile Include="..\SentinelUnitTests\PersonalBankerUnitTests3.cpp" />
    <ClCompile Include="..\SentinelUnitTests\PersonalBankerUnitTests4.cpp" />
    <ClCompile Include="..\SentinelUnitTests\PersonalBankerUnitTests5.cpp" />
    <ClCompile Include="..\SentinelUnitTests\PlatformUnitTests.cpp" />
    <ClCompile Include="..\SentinelUnitTests\PlayerInfoUnitTests.cpp" />
    <ClCompile Include="..\SentinelUnitTests\PlayerSessionUnitTests.cpp" />
    <ClCompile Include="..\SentinelUnitTests\PlayerUnitTests2.cpp" />
    <ClCompile Include="..\SentinelUnitTests\PlayerUnitTests3.cpp" />
    <ClCompile Include="..\SentinelUnitTests\PlayerUnitTests4.cpp" />
    <ClCompile Include="..\SentinelUnitTests\PlayerUnitTests5.cpp" />
    <ClCompile Include="..\SentinelUnitTests\PlayerUnitTests6.cpp" />
    <ClCompile Include="..\SentinelUnitTests\PlayerUnitTests7.cpp" />
    <ClCompile Include="..\SentinelUnitTests\PlayerUpdateManagerTests.cpp" />
    <ClCompile Include="..\SentinelUnitTests\PokerHandUnitTests.cpp" />
    <ClCompile Include="..\SentinelUnitTests\QueueListAddItemUnitTests.cpp" />
    <ClCompile Include="..\SentinelUnitTests\QueueListUnitTests.cpp" />
    <ClCompile Include="..\SentinelUnitTests\QueueUnitTests.cpp" />
    <ClCompile Include="..\SentinelUnitTests\RapidJsonHelperTests.cpp" />
    <ClCompile Include="..\SentinelUnitTests\RapidJsonTests.cpp" />
    <ClCompile Include="..\SentinelUnitTests\RestartManagerUnitTests.cpp" />
    <ClCompile Include="..\SentinelUnitTests\RunawayStatusUnitTests.cpp" />
    <ClCompile Include="..\SentinelUnitTests\SASClassesTests.cpp" />
    <ClCompile Include="..\SentinelUnitTests\SASLongPollUnitTests.cpp" />
    <ClCompile Include="..\SentinelUnitTests\SchedulerListUnitTests.cpp" />
    <ClCompile Include="..\SentinelUnitTests\SentinelExceptionTests.cpp" />
    <ClCompile Include="..\SentinelUnitTests\SentinelInformationResendItemUnitTests.cpp" />
    <ClCompile Include="..\SentinelUnitTests\SentinelInformationUnitTests.cpp" />
    <ClCompile Include="..\SentinelUnitTests\SentinelMock.cpp" />
    <ClCompile Include="..\SentinelUnitTests\SerializeObjectUnitTests.cpp" />
    <ClCompile Include="..\SentinelUnitTests\SessionPointsUnitTests.cpp" />
    <ClCompile Include="..\SentinelUnitTests\SpeedMediaCacheListMock.cpp" />
    <ClCompile Include="..\SentinelUnitTests\SpeedMediaCacheListTests.cpp" />
    <ClCompile Include="..\SentinelUnitTests\SpeedMediaConfigUnitTests.cpp" />
    <ClCompile Include="..\SentinelUnitTests\SpeedMediaEventUnitTests.cpp" />
    <ClCompile Include="..\SentinelUnitTests\SpeedMediaResendListUnitTests.cpp" />
    <ClCompile Include="..\SentinelUnitTests\SpeedMediaTriggersUnitTests.cpp" />
    <ClCompile Include="..\SentinelUnitTests\SpeedMediaTriggerUnitTests.cpp" />
    <ClCompile Include="..\SentinelUnitTests\SplashdownCountdownUnitTests.cpp" />
    <ClCompile Include="..\SentinelUnitTests\StandardProgressiveWinsUnitTests.cpp" />
    <ClCompile Include="..\SentinelUnitTests\stdafx.cpp" />
    <ClCompile Include="..\SentinelUnitTests\StringParserUnitTests.cpp" />
    <ClCompile Include="..\SentinelUnitTests\SubgameSessionUnitTests.cpp" />
    <ClCompile Include="..\SentinelUnitTests\SubscriptionUnitTests.cpp" />
    <ClCompile Include="..\SentinelUnitTests\SystemProtocolUnitTests.cpp" />
    <ClCompile Include="..\SentinelUnitTests\TestModuleInitialize.cpp" />
    <ClCompile Include="..\SentinelUnitTests\ThirdPartyManagerMock.cpp" />
    <ClCompile Include="..\SentinelUnitTests\ThirdPartyManagerUnitTests.cpp" />
    <ClCompile Include="..\SentinelUnitTests\TicketingInfoUnitTests.cpp" />
    <ClCompile Include="..\SentinelUnitTests\TicketPBTMaxAmountUnitTests.cpp" />
    <ClCompile Include="..\SentinelUnitTests\TicketSeedUnitTests.cpp" />
    <ClCompile Include="..\SentinelUnitTests\TicketsUnitTests.cpp" />
    <ClCompile Include="..\SentinelUnitTests\TicketUnitTests.cpp" />
    <ClCompile Include="..\SentinelUnitTests\TiltManagerUnitTests.cpp" />
    <ClCompile Include="..\SentinelUnitTests\UnitTestingOperatingSystem.cpp" />
    <ClCompile Include="..\SentinelUnitTests\UnitTestingUtils.cpp" />
    <ClCompile Include="..\SentinelUnitTests\UtilitiesTests.cpp" />
    <ClCompile Include="..\SentinelUnitTests\UtilitiesUnitTests.cpp" />
    <ClCompile Include="..\SentinelUnitTests\UtilitiesUnitTestsFile.cpp" />
    <ClCompile Include="..\SentinelUnitTests\VideoMixerDiagnosticsTests.cpp" />
    <ClCompile Include="..\SentinelUnitTests\WatchdogThreadInfoUnitTests.cpp" />
    <ClCompile Include="..\SentinelUnitTests\WatchDogUnitTests.cpp" />
    <ClCompile Include="..\SentinelUnitTests\WebDiagnosticsUnitTests_SpeedMediaConfig.cpp" />
  </ItemGroup>
  <ItemGroup>
    <ClInclude Include="..\SentinelUnitTests\Hardware\CardReaderTestHelpers.h" />
    <ClInclude Include="..\SentinelUnitTests\Hardware\NetworkUtilsMock.h" />
    <ClInclude Include="..\SentinelUnitTests\PollerProtocol\PollerProtocolMock.h" />
    <ClInclude Include="..\SentinelUnitTests\ProgressiveProtocol\ProgressiveLevelTestHelpers.h" />
    <ClInclude Include="..\SentinelUnitTests\ProgressiveProtocol\ThreadSafeQueue.h" />
    <ClInclude Include="..\SentinelUnitTests\SASProtocol\SASSerialWrapperMock.h" />
    <ClInclude Include="..\SentinelUnitTests\Util\ByteArrayEx.h" />
    <ClInclude Include="..\SentinelUnitTests\Util\DequeVector.h" />
    <ClInclude Include="..\SentinelUnitTests\Utility\AssertMsg.h" />
    <ClInclude Include="..\SentinelUnitTests\Utility\FileHook.h" />
    <ClInclude Include="..\SentinelUnitTests\Utility\TestUtil.h" />
    <ClInclude Include="..\SentinelUnitTests\Utility\UnitTestingMatchers.h" />
    <ClInclude Include="..\SentinelUnitTests\BonusCounterDisplayMock.h" />
    <ClInclude Include="..\SentinelUnitTests\InternalsFrameworkMock.h" />
    <ClInclude Include="..\SentinelUnitTests\RapidJsonTestHelper.h" />
    <ClInclude Include="..\SentinelUnitTests\SentinelMock.h" />
    <ClInclude Include="..\SentinelUnitTests\SpeedMediaCacheListMock.h" />
    <ClInclude Include="..\SentinelUnitTests\TestModuleInitialize.h" />
    <ClInclude Include="..\SentinelUnitTests\ThirdPartyManagerMock.h" />
    <ClInclude Include="..\SentinelUnitTests\UnitTestingOperatingSystem.h" />
    <ClInclude Include="..\SentinelUnitTests\UnitTestingUtils.h" />
  </ItemGroup>
  <ItemGroup>
    <Text Include="..\SentinelUnitTests\AuthoringTests.txt" />
  </ItemGroup>
  <ItemGroup>
    <None Include="..\SentinelUnitTests\LITESRAM.bin" />
    <None Include="..\SentinelUnitTests\Sentinel3ToCacheAPITest.cs" />
    <None Include="..\SentinelUnitTests\Sentinel3ToCacheUnencryptedAPITest.cs" />
    <None Include="..\SentinelUnitTests\SentinelUnitTests.csproj" />
    <None Include="..\SentinelUnitTests\SentinelUnitTests.csproj.vspscc" />
    <None Include="..\SentinelUnitTests\SentinelUnitTests.mak" />
    <None Include="..\SentinelUnitTests\SentinelUnitTests.vpj" />
  </ItemGroup>
</Project>